// !$*UTF8*$!
{
	archiveVersion = 1;
	classes = {
	};
	objectVersion = 46;
	objects = {

/* Begin PBXBuildFile section */
		C7406CD9156E893F00E3E2B9 /* main-button-left.png in Resources */ = {isa = PBXBuildFile; fileRef = C7406CD1156E893F00E3E2B9 /* main-button-left.png */; };
		C7406CDA156E893F00E3E2B9 /* main-button-left@2x.png in Resources */ = {isa = PBXBuildFile; fileRef = C7406CD2156E893F00E3E2B9 /* main-button-left@2x.png */; };
		C7406CDB156E893F00E3E2B9 /* main-button-up.png in Resources */ = {isa = PBXBuildFile; fileRef = C7406CD3156E893F00E3E2B9 /* main-button-up.png */; };
		C7406CDC156E893F00E3E2B9 /* main-button-up@2x.png in Resources */ = {isa = PBXBuildFile; fileRef = C7406CD4156E893F00E3E2B9 /* main-button-up@2x.png */; };
		C7406CDD156E893F00E3E2B9 /* mainBackground.png in Resources */ = {isa = PBXBuildFile; fileRef = C7406CD5156E893F00E3E2B9 /* mainBackground.png */; };
		C7406CDE156E893F00E3E2B9 /* mainBackground@2x.png in Resources */ = {isa = PBXBuildFile; fileRef = C7406CD6156E893F00E3E2B9 /* mainBackground@2x.png */; };
		C7406CDF156E893F00E3E2B9 /* rw-button.png in Resources */ = {isa = PBXBuildFile; fileRef = C7406CD7156E893F00E3E2B9 /* rw-button.png */; };
		C7406CE0156E893F00E3E2B9 /* rw-button@2x.png in Resources */ = {isa = PBXBuildFile; fileRef = C7406CD8156E893F00E3E2B9 /* rw-button@2x.png */; };
		C743827F156D1F840019A7B4 /* QBKAppDelegate.m in Sources */ = {isa = PBXBuildFile; fileRef = C743827E156D1F840019A7B4 /* QBKAppDelegate.m */; };
		C7E1D61A155D0FAC00B7ADEC /* UIKit.framework in Frameworks */ = {isa = PBXBuildFile; fileRef = C7E1D619155D0FAC00B7ADEC /* UIKit.framework */; };
		C7E1D61C155D0FAC00B7ADEC /* Foundation.framework in Frameworks */ = {isa = PBXBuildFile; fileRef = C7E1D61B155D0FAC00B7ADEC /* Foundation.framework */; };
		C7E1D61E155D0FAC00B7ADEC /* CoreGraphics.framework in Frameworks */ = {isa = PBXBuildFile; fileRef = C7E1D61D155D0FAC00B7ADEC /* CoreGraphics.framework */; };
		C7E1D624155D0FAC00B7ADEC /* InfoPlist.strings in Resources */ = {isa = PBXBuildFile; fileRef = C7E1D622155D0FAC00B7ADEC /* InfoPlist.strings */; };
		C7E1D626155D0FAC00B7ADEC /* main.m in Sources */ = {isa = PBXBuildFile; fileRef = C7E1D625155D0FAC00B7ADEC /* main.m */; };
		C7E1D633155D0FF600B7ADEC /* QBKRootViewController.m in Sources */ = {isa = PBXBuildFile; fileRef = C7E1D631155D0FF600B7ADEC /* QBKRootViewController.m */; };
		C7E1D634155D0FF600B7ADEC /* QBKRootViewController.xib in Resources */ = {isa = PBXBuildFile; fileRef = C7E1D632155D0FF600B7ADEC /* QBKRootViewController.xib */; };
		C7E1D637155D10E200B7ADEC /* QBKOverlayMenuView.m in Sources */ = {isa = PBXBuildFile; fileRef = C7E1D636155D10E200B7ADEC /* QBKOverlayMenuView.m */; };
/* End PBXBuildFile section */

/* Begin PBXFileReference section */
		C7406CD1156E893F00E3E2B9 /* main-button-left.png */ = {isa = PBXFileReference; lastKnownFileType = image.png; path = "main-button-left.png"; sourceTree = "<group>"; };
		C7406CD2156E893F00E3E2B9 /* main-button-left@2x.png */ = {isa = PBXFileReference; lastKnownFileType = image.png; path = "main-button-left@2x.png"; sourceTree = "<group>"; };
		C7406CD3156E893F00E3E2B9 /* main-button-up.png */ = {isa = PBXFileReference; lastKnownFileType = image.png; path = "main-button-up.png"; sourceTree = "<group>"; };
		C7406CD4156E893F00E3E2B9 /* main-button-up@2x.png */ = {isa = PBXFileReference; lastKnownFileType = image.png; path = "main-button-up@2x.png"; sourceTree = "<group>"; };
		C7406CD5156E893F00E3E2B9 /* mainBackground.png */ = {isa = PBXFileReference; lastKnownFileType = image.png; path = mainBackground.png; sourceTree = "<group>"; };
		C7406CD6156E893F00E3E2B9 /* mainBackground@2x.png */ = {isa = PBXFileReference; lastKnownFileType = image.png; path = "mainBackground@2x.png"; sourceTree = "<group>"; };
		C7406CD7156E893F00E3E2B9 /* rw-button.png */ = {isa = PBXFileReference; lastKnownFileType = image.png; path = "rw-button.png"; sourceTree = "<group>"; };
		C7406CD8156E893F00E3E2B9 /* rw-button@2x.png */ = {isa = PBXFileReference; lastKnownFileType = image.png; path = "rw-button@2x.png"; sourceTree = "<group>"; };
		C743827D156D1F840019A7B4 /* QBKAppDelegate.h */ = {isa = PBXFileReference; fileEncoding = 4; lastKnownFileType = sourcecode.c.h; name = QBKAppDelegate.h; path = Clases/QBKAppDelegate.h; sourceTree = "<group>"; };
		C743827E156D1F840019A7B4 /* QBKAppDelegate.m */ = {isa = PBXFileReference; fileEncoding = 4; lastKnownFileType = sourcecode.c.objc; name = QBKAppDelegate.m; path = Clases/QBKAppDelegate.m; sourceTree = "<group>"; };
		C7E1D615155D0FAC00B7ADEC /* QBKOverlayMenuView.app */ = {isa = PBXFileReference; explicitFileType = wrapper.application; includeInIndex = 0; path = QBKOverlayMenuView.app; sourceTree = BUILT_PRODUCTS_DIR; };
		C7E1D619155D0FAC00B7ADEC /* UIKit.framework */ = {isa = PBXFileReference; lastKnownFileType = wrapper.framework; name = UIKit.framework; path = System/Library/Frameworks/UIKit.framework; sourceTree = SDKROOT; };
		C7E1D61B155D0FAC00B7ADEC /* Foundation.framework */ = {isa = PBXFileReference; lastKnownFileType = wrapper.framework; name = Foundation.framework; path = System/Library/Frameworks/Foundation.framework; sourceTree = SDKROOT; };
		C7E1D61D155D0FAC00B7ADEC /* CoreGraphics.framework */ = {isa = PBXFileReference; lastKnownFileType = wrapper.framework; name = CoreGraphics.framework; path = System/Library/Frameworks/CoreGraphics.framework; sourceTree = SDKROOT; };
		C7E1D621155D0FAC00B7ADEC /* QBKOverlayMenuView-Info.plist */ = {isa = PBXFileReference; lastKnownFileType = text.plist.xml; path = "QBKOverlayMenuView-Info.plist"; sourceTree = "<group>"; };
		C7E1D623155D0FAC00B7ADEC /* en */ = {isa = PBXFileReference; lastKnownFileType = text.plist.strings; name = en; path = en.lproj/InfoPlist.strings; sourceTree = "<group>"; };
		C7E1D625155D0FAC00B7ADEC /* main.m */ = {isa = PBXFileReference; lastKnownFileType = sourcecode.c.objc; path = main.m; sourceTree = "<group>"; };
		C7E1D627155D0FAC00B7ADEC /* QBKOverlayMenuView-Prefix.pch */ = {isa = PBXFileReference; lastKnownFileType = sourcecode.c.h; path = "QBKOverlayMenuView-Prefix.pch"; sourceTree = "<group>"; };
		C7E1D630155D0FF600B7ADEC /* QBKRootViewController.h */ = {isa = PBXFileReference; fileEncoding = 4; lastKnownFileType = sourcecode.c.h; name = QBKRootViewController.h; path = Clases/QBKRootViewController.h; sourceTree = "<group>"; };
		C7E1D631155D0FF600B7ADEC /* QBKRootViewController.m */ = {isa = PBXFileReference; fileEncoding = 4; lastKnownFileType = sourcecode.c.objc; name = QBKRootViewController.m; path = Clases/QBKRootViewController.m; sourceTree = "<group>"; };
		C7E1D632155D0FF600B7ADEC /* QBKRootViewController.xib */ = {isa = PBXFileReference; fileEncoding = 4; lastKnownFileType = file.xib; name = QBKRootViewController.xib; path = Clases/QBKRootViewController.xib; sourceTree = "<group>"; };
		C7E1D635155D10E200B7ADEC /* QBKOverlayMenuView.h */ = {isa = PBXFileReference; fileEncoding = 4; lastKnownFileType = sourcecode.c.h; name = QBKOverlayMenuView.h; path = Clases/QBKOverlayMenuView.h; sourceTree = "<group>"; };
		C7E1D636155D10E200B7ADEC /* QBKOverlayMenuView.m */ = {isa = PBXFileReference; fileEncoding = 4; lastKnownFileType = sourcecode.c.objc; name = QBKOverlayMenuView.m; path = Clases/QBKOverlayMenuView.m; sourceTree = "<group>"; };
/* End PBXFileReference section */

/* Begin PBXFrameworksBuildPhase section */
		C7E1D612155D0FAC00B7ADEC /* Frameworks */ = {
			isa = PBXFrameworksBuildPhase;
			buildActionMask = 2147483647;
			files = (
				C7E1D61A155D0FAC00B7ADEC /* UIKit.framework in Frameworks */,
				C7E1D61C155D0FAC00B7ADEC /* Foundation.framework in Frameworks */,
				C7E1D61E155D0FAC00B7ADEC /* CoreGraphics.framework in Frameworks */,
			);
			runOnlyForDeploymentPostprocessing = 0;
		};
/* End PBXFrameworksBuildPhase section */

/* Begin PBXGroup section */
		C7438290156D21060019A7B4 /* imgs */ = {
			isa = PBXGroup;
			children = (
				C7406CD1156E893F00E3E2B9 /* main-button-left.png */,
				C7406CD2156E893F00E3E2B9 /* main-button-left@2x.png */,
				C7406CD3156E893F00E3E2B9 /* main-button-up.png */,
				C7406CD4156E893F00E3E2B9 /* main-button-up@2x.png */,
				C7406CD5156E893F00E3E2B9 /* mainBackground.png */,
				C7406CD6156E893F00E3E2B9 /* mainBackground@2x.png */,
				C7406CD7156E893F00E3E2B9 /* rw-button.png */,
				C7406CD8156E893F00E3E2B9 /* rw-button@2x.png */,
			);
			name = imgs;
			sourceTree = "<group>";
		};
		C7E1D60A155D0FAC00B7ADEC = {
			isa = PBXGroup;
			children = (
				C7E1D61F155D0FAC00B7ADEC /* QBKOverlayMenuView */,
				C7E1D618155D0FAC00B7ADEC /* Frameworks */,
				C7E1D616155D0FAC00B7ADEC /* Products */,
			);
			sourceTree = "<group>";
		};
		C7E1D616155D0FAC00B7ADEC /* Products */ = {
			isa = PBXGroup;
			children = (
				C7E1D615155D0FAC00B7ADEC /* QBKOverlayMenuView.app */,
			);
			name = Products;
			sourceTree = "<group>";
		};
		C7E1D618155D0FAC00B7ADEC /* Frameworks */ = {
			isa = PBXGroup;
			children = (
				C7E1D619155D0FAC00B7ADEC /* UIKit.framework */,
				C7E1D61B155D0FAC00B7ADEC /* Foundation.framework */,
				C7E1D61D155D0FAC00B7ADEC /* CoreGraphics.framework */,
			);
			name = Frameworks;
			sourceTree = "<group>";
		};
		C7E1D61F155D0FAC00B7ADEC /* QBKOverlayMenuView */ = {
			isa = PBXGroup;
			children = (
				C743827D156D1F840019A7B4 /* QBKAppDelegate.h */,
				C743827E156D1F840019A7B4 /* QBKAppDelegate.m */,
				C7E1D630155D0FF600B7ADEC /* QBKRootViewController.h */,
				C7E1D631155D0FF600B7ADEC /* QBKRootViewController.m */,
				C7E1D632155D0FF600B7ADEC /* QBKRootViewController.xib */,
				C7E1D635155D10E200B7ADEC /* QBKOverlayMenuView.h */,
				C7E1D636155D10E200B7ADEC /* QBKOverlayMenuView.m */,
				C7E1D620155D0FAC00B7ADEC /* Supporting Files */,
			);
			path = QBKOverlayMenuView;
			sourceTree = "<group>";
		};
		C7E1D620155D0FAC00B7ADEC /* Supporting Files */ = {
			isa = PBXGroup;
			children = (
				C7438290156D21060019A7B4 /* imgs */,
				C7E1D621155D0FAC00B7ADEC /* QBKOverlayMenuView-Info.plist */,
				C7E1D622155D0FAC00B7ADEC /* InfoPlist.strings */,
				C7E1D625155D0FAC00B7ADEC /* main.m */,
				C7E1D627155D0FAC00B7ADEC /* QBKOverlayMenuView-Prefix.pch */,
			);
			name = "Supporting Files";
			sourceTree = "<group>";
		};
/* End PBXGroup section */

/* Begin PBXNativeTarget section */
		C7E1D614155D0FAC00B7ADEC /* QBKOverlayMenuView */ = {
			isa = PBXNativeTarget;
			buildConfigurationList = C7E1D62D155D0FAC00B7ADEC /* Build configuration list for PBXNativeTarget "QBKOverlayMenuView" */;
			buildPhases = (
				C7E1D611155D0FAC00B7ADEC /* Sources */,
				C7E1D612155D0FAC00B7ADEC /* Frameworks */,
				C7E1D613155D0FAC00B7ADEC /* Resources */,
			);
			buildRules = (
			);
			dependencies = (
			);
			name = QBKOverlayMenuView;
			productName = QBKOverlayMenuView;
			productReference = C7E1D615155D0FAC00B7ADEC /* QBKOverlayMenuView.app */;
			productType = "com.apple.product-type.application";
		};
/* End PBXNativeTarget section */

/* Begin PBXProject section */
		C7E1D60C155D0FAC00B7ADEC /* Project object */ = {
			isa = PBXProject;
			attributes = {
				CLASSPREFIX = QBK;
				LastUpgradeCheck = 0430;
				ORGANIZATIONNAME = "Qbikode Solutions, S.L.";
			};
			buildConfigurationList = C7E1D60F155D0FAC00B7ADEC /* Build configuration list for PBXProject "QBKOverlayMenuView" */;
			compatibilityVersion = "Xcode 3.2";
			developmentRegion = English;
			hasScannedForEncodings = 0;
			knownRegions = (
				en,
			);
			mainGroup = C7E1D60A155D0FAC00B7ADEC;
			productRefGroup = C7E1D616155D0FAC00B7ADEC /* Products */;
			projectDirPath = "";
			projectRoot = "";
			targets = (
				C7E1D614155D0FAC00B7ADEC /* QBKOverlayMenuView */,
			);
		};
/* End PBXProject section */

/* Begin PBXResourcesBuildPhase section */
		C7E1D613155D0FAC00B7ADEC /* Resources */ = {
			isa = PBXResourcesBuildPhase;
			buildActionMask = 2147483647;
			files = (
				C7E1D624155D0FAC00B7ADEC /* InfoPlist.strings in Resources */,
				C7E1D634155D0FF600B7ADEC /* QBKRootViewController.xib in Resources */,
				C7406CD9156E893F00E3E2B9 /* main-button-left.png in Resources */,
				C7406CDA156E893F00E3E2B9 /* main-button-left@2x.png in Resources */,
				C7406CDB156E893F00E3E2B9 /* main-button-up.png in Resources */,
				C7406CDC156E893F00E3E2B9 /* main-button-up@2x.png in Resources */,
				C7406CDD156E893F00E3E2B9 /* mainBackground.png in Resources */,
				C7406CDE156E893F00E3E2B9 /* mainBackground@2x.png in Resources */,
				C7406CDF156E893F00E3E2B9 /* rw-button.png in Resources */,
				C7406CE0156E893F00E3E2B9 /* rw-button@2x.png in Resources */,
			);
			runOnlyForDeploymentPostprocessing = 0;
		};
/* End PBXResourcesBuildPhase section */

/* Begin PBXSourcesBuildPhase section */
		C7E1D611155D0FAC00B7ADEC /* Sources */ = {
			isa = PBXSourcesBuildPhase;
			buildActionMask = 2147483647;
			files = (
				C7E1D626155D0FAC00B7ADEC /* main.m in Sources */,
				C7E1D633155D0FF600B7ADEC /* QBKRootViewController.m in Sources */,
				C7E1D637155D10E200B7ADEC /* QBKOverlayMenuView.m in Sources */,
				C743827F156D1F840019A7B4 /* QBKAppDelegate.m in Sources */,
			);
			runOnlyForDeploymentPostprocessing = 0;
		};
/* End PBXSourcesBuildPhase section */

/* Begin PBXVariantGroup section */
		C7E1D622155D0FAC00B7ADEC /* InfoPlist.strings */ = {
			isa = PBXVariantGroup;
			children = (
				C7E1D623155D0FAC00B7ADEC /* en */,
			);
			name = InfoPlist.strings;
			sourceTree = "<group>";
		};
/* End PBXVariantGroup section */

/* Begin XCBuildConfiguration section */
		C7E1D62B155D0FAC00B7ADEC /* Debug */ = {
			isa = XCBuildConfiguration;
			buildSettings = {
				ALWAYS_SEARCH_USER_PATHS = NO;
				ARCHS = "$(ARCHS_STANDARD_32_BIT)";
				CLANG_ENABLE_OBJC_ARC = YES;
				"CODE_SIGN_IDENTITY[sdk=iphoneos*]" = "iPhone Developer";
				COPY_PHASE_STRIP = NO;
				GCC_C_LANGUAGE_STANDARD = gnu99;
				GCC_DYNAMIC_NO_PIC = NO;
				GCC_OPTIMIZATION_LEVEL = 0;
				GCC_PREPROCESSOR_DEFINITIONS = (
					"DEBUG=1",
					"$(inherited)",
				);
				GCC_SYMBOLS_PRIVATE_EXTERN = NO;
				GCC_VERSION = com.apple.compilers.llvm.clang.1_0;
				GCC_WARN_ABOUT_RETURN_TYPE = YES;
				GCC_WARN_UNINITIALIZED_AUTOS = YES;
				GCC_WARN_UNUSED_VARIABLE = YES;
				IPHONEOS_DEPLOYMENT_TARGET = 5.1;
				SDKROOT = iphoneos;
			};
			name = Debug;
		};
		C7E1D62C155D0FAC00B7ADEC /* Release */ = {
			isa = XCBuildConfiguration;
			buildSettings = {
				ALWAYS_SEARCH_USER_PATHS = NO;
				ARCHS = "$(ARCHS_STANDARD_32_BIT)";
				CLANG_ENABLE_OBJC_ARC = YES;
				"CODE_SIGN_IDENTITY[sdk=iphoneos*]" = "iPhone Developer";
				COPY_PHASE_STRIP = YES;
				GCC_C_LANGUAGE_STANDARD = gnu99;
				GCC_VERSION = com.apple.compilers.llvm.clang.1_0;
				GCC_WARN_ABOUT_RETURN_TYPE = YES;
				GCC_WARN_UNINITIALIZED_AUTOS = YES;
				GCC_WARN_UNUSED_VARIABLE = YES;
				IPHONEOS_DEPLOYMENT_TARGET = 5.1;
				OTHER_CFLAGS = "-DNS_BLOCK_ASSERTIONS=1";
				SDKROOT = iphoneos;
				VALIDATE_PRODUCT = YES;
			};
			name = Release;
		};
		C7E1D62E155D0FAC00B7ADEC /* Debug */ = {
			isa = XCBuildConfiguration;
			buildSettings = {
				GCC_PRECOMPILE_PREFIX_HEADER = YES;
				GCC_PREFIX_HEADER = "QBKOverlayMenuView/QBKOverlayMenuView-Prefix.pch";
				INFOPLIST_FILE = "QBKOverlayMenuView/QBKOverlayMenuView-Info.plist";
				PRODUCT_NAME = "$(TARGET_NAME)";
				WRAPPER_EXTENSION = app;
			};
			name = Debug;
		};
		C7E1D62F155D0FAC00B7ADEC /* Release */ = {
			isa = XCBuildConfiguration;
			buildSettings = {
				GCC_PRECOMPILE_PREFIX_HEADER = YES;
				GCC_PREFIX_HEADER = "QBKOverlayMenuView/QBKOverlayMenuView-Prefix.pch";
				INFOPLIST_FILE = "QBKOverlayMenuView/QBKOverlayMenuView-Info.plist";
				PRODUCT_NAME = "$(TARGET_NAME)";
				WRAPPER_EXTENSION = app;
			};
			name = Release;
		};
/* End XCBuildConfiguration section */

/* Begin XCConfigurationList section */
		C7E1D60F155D0FAC00B7ADEC /* Build configuration list for PBXProject "QBKOverlayMenuView" */ = {
			isa = XCConfigurationList;
			buildConfigurations = (
				C7E1D62B155D0FAC00B7ADEC /* Debug */,
				C7E1D62C155D0FAC00B7ADEC /* Release */,
			);
			defaultConfigurationIsVisible = 0;
			defaultConfigurationName = Release;
		};
		C7E1D62D155D0FAC00B7ADEC /* Build configuration list for PBXNativeTarget "QBKOverlayMenuView" */ = {
			isa = XCConfigurationList;
			buildConfigurations = (
				C7E1D62E155D0FAC00B7ADEC /* Debug */,
				C7E1D62F155D0FAC00B7ADEC /* Release */,
			);
			defaultConfigurationIsVisible = 0;
			defaultConfigurationName = Release;
		};
/* End XCConfigurationList section */
	};
	rootObject = C7E1D60C155D0FAC00B7ADEC /* Project object */;
}
